// !$*UTF8*$!
{
	archiveVersion = 1;
	classes = {
	};
	objectVersion = 46;
	objects = {

/* Begin PBXBuildFile section */
		A36950531F4195CD009CEDDF /* AppDelegate.swift in Sources */ = {isa = PBXBuildFile; fileRef = A36950521F4195CD009CEDDF /* AppDelegate.swift */; };
		A36950551F4195CD009CEDDF /* ViewController.swift in Sources */ = {isa = PBXBuildFile; fileRef = A36950541F4195CD009CEDDF /* ViewController.swift */; };
		A36950581F4195CD009CEDDF /* Main.storyboard in Resources */ = {isa = PBXBuildFile; fileRef = A36950561F4195CD009CEDDF /* Main.storyboard */; };
		A369505A1F4195CD009CEDDF /* Assets.xcassets in Resources */ = {isa = PBXBuildFile; fileRef = A36950591F4195CD009CEDDF /* Assets.xcassets */; };
		A369505D1F4195CD009CEDDF /* LaunchScreen.storyboard in Resources */ = {isa = PBXBuildFile; fileRef = A369505B1F4195CD009CEDDF /* LaunchScreen.storyboard */; };
/* End PBXBuildFile section */

/* Begin PBXFileReference section */
		A369504F1F4195CD009CEDDF /* GPUImage的使用.app */ = {isa = PBXFileReference; explicitFileType = wrapper.application; includeInIndex = 0; path = "GPUImage的使用.app"; sourceTree = BUILT_PRODUCTS_DIR; };
		A36950521F4195CD009CEDDF /* AppDelegate.swift */ = {isa = PBXFileReference; lastKnownFileType = sourcecode.swift; path = AppDelegate.swift; sourceTree = "<group>"; };
		A36950541F4195CD009CEDDF /* ViewController.swift */ = {isa = PBXFileReference; lastKnownFileType = sourcecode.swift; path = ViewController.swift; sourceTree = "<group>"; };
		A36950571F4195CD009CEDDF /* Base */ = {isa = PBXFileReference; lastKnownFileType = file.storyboard; name = Base; path = Base.lproj/Main.storyboard; sourceTree = "<group>"; };
		A36950591F4195CD009CEDDF /* Assets.xcassets */ = {isa = PBXFileReference; lastKnownFileType = folder.assetcatalog; path = Assets.xcassets; sourceTree = "<group>"; };
		A369505C1F4195CD009CEDDF /* Base */ = {isa = PBXFileReference; lastKnownFileType = file.storyboard; name = Base; path = Base.lproj/LaunchScreen.storyboard; sourceTree = "<group>"; };
		A369505E1F4195CD009CEDDF /* Info.plist */ = {isa = PBXFileReference; lastKnownFileType = text.plist.xml; path = Info.plist; sourceTree = "<group>"; };
/* End PBXFileReference section */

/* Begin PBXFrameworksBuildPhase section */
		A369504C1F4195CD009CEDDF /* Frameworks */ = {
			isa = PBXFrameworksBuildPhase;
			buildActionMask = 2147483647;
			files = (
			);
			runOnlyForDeploymentPostprocessing = 0;
		};
/* End PBXFrameworksBuildPhase section */

/* Begin PBXGroup section */
		A36950461F4195CD009CEDDF = {
			isa = PBXGroup;
			children = (
				A36950511F4195CD009CEDDF /* GPUImage的使用 */,
				A36950501F4195CD009CEDDF /* Products */,
			);
			sourceTree = "<group>";
		};
		A36950501F4195CD009CEDDF /* Products */ = {
			isa = PBXGroup;
			children = (
				A369504F1F4195CD009CEDDF /* GPUImage的使用.app */,
			);
			name = Products;
			sourceTree = "<group>";
		};
		A36950511F4195CD009CEDDF /* GPUImage的使用 */ = {
			isa = PBXGroup;
			children = (
				A36950521F4195CD009CEDDF /* AppDelegate.swift */,
				A36950541F4195CD009CEDDF /* ViewController.swift */,
				A36950561F4195CD009CEDDF /* Main.storyboard */,
				A36950591F4195CD009CEDDF /* Assets.xcassets */,
				A369505B1F4195CD009CEDDF /* LaunchScreen.storyboard */,
				A369505E1F4195CD009CEDDF /* Info.plist */,
			);
			path = "GPUImage的使用";
			sourceTree = "<group>";
		};
/* End PBXGroup section */

/* Begin PBXNativeTarget section */
		A369504E1F4195CD009CEDDF /* GPUImage的使用 */ = {
			isa = PBXNativeTarget;
			buildConfigurationList = A36950611F4195CD009CEDDF /* Build configuration list for PBXNativeTarget "GPUImage的使用" */;
			buildPhases = (
				A369504B1F4195CD009CEDDF /* Sources */,
				A369504C1F4195CD009CEDDF /* Frameworks */,
				A369504D1F4195CD009CEDDF /* Resources */,
			);
			buildRules = (
			);
			dependencies = (
			);
			name = "GPUImage的使用";
			productName = "GPUImage的使用";
			productReference = A369504F1F4195CD009CEDDF /* GPUImage的使用.app */;
			productType = "com.apple.product-type.application";
		};
/* End PBXNativeTarget section */

/* Begin PBXProject section */
		A36950471F4195CD009CEDDF /* Project object */ = {
			isa = PBXProject;
			attributes = {
				LastSwiftUpdateCheck = 0820;
				LastUpgradeCheck = 0820;
				ORGANIZATIONNAME = Mrhuang;
				TargetAttributes = {
					A369504E1F4195CD009CEDDF = {
						CreatedOnToolsVersion = 8.2;
						ProvisioningStyle = Automatic;
					};
				};
			};
			buildConfigurationList = A369504A1F4195CD009CEDDF /* Build configuration list for PBXProject "GPUImage的使用" */;
			compatibilityVersion = "Xcode 3.2";
			developmentRegion = English;
			hasScannedForEncodings = 0;
			knownRegions = (
				en,
				Base,
			);
			mainGroup = A36950461F4195CD009CEDDF;
			productRefGroup = A36950501F4195CD009CEDDF /* Products */;
			projectDirPath = "";
			projectRoot = "";
			targets = (
				A369504E1F4195CD009CEDDF /* GPUImage的使用 */,
			);
		};
/* End PBXProject section */

/* Begin PBXResourcesBuildPhase section */
		A369504D1F4195CD009CEDDF /* Resources */ = {
			isa = PBXResourcesBuildPhase;
			buildActionMask = 2147483647;
			files = (
				A369505D1F4195CD009CEDDF /* LaunchScreen.storyboard in Resources */,
				A369505A1F4195CD009CEDDF /* Assets.xcassets in Resources */,
				A36950581F4195CD009CEDDF /* Main.storyboard in Resources */,
			);
			runOnlyForDeploymentPostprocessing = 0;
		};
/* End PBXResourcesBuildPhase section */

/* Begin PBXSourcesBuildPhase section */
		A369504B1F4195CD009CEDDF /* Sources */ = {
			isa = PBXSourcesBuildPhase;
			buildActionMask = 2147483647;
			files = (
				A36950551F4195CD009CEDDF /* ViewController.swift in Sources */,
				A36950531F4195CD009CEDDF /* AppDelegate.swift in Sources */,
			);
			runOnlyForDeploymentPostprocessing = 0;
		};
/* End PBXSourcesBuildPhase section */

/* Begin PBXVariantGroup section */
		A36950561F4195CD009CEDDF /* Main.storyboard */ = {
			isa = PBXVariantGroup;
			children = (
				A36950571F4195CD009CEDDF /* Base */,
			);
			name = Main.storyboard;
			sourceTree = "<group>";
		};
		A369505B1F4195CD009CEDDF /* LaunchScreen.storyboard */ = {
			isa = PBXVariantGroup;
			children = (
				A369505C1F4195CD009CEDDF /* Base */,
			);
			name = LaunchScreen.storyboard;
			sourceTree = "<group>";
		};
/* End PBXVariantGroup section */

/* Begin XCBuildConfiguration section */
		A369505F1F4195CD009CEDDF /* Debug */ = {
			isa = XCBuildConfiguration;
			buildSettings = {
				ALWAYS_SEARCH_USER_PATHS = NO;
				CLANG_ANALYZER_NONNULL = YES;
				CLANG_CXX_LANGUAGE_STANDARD = "gnu++0x";
				CLANG_CXX_LIBRARY = "libc++";
				CLANG_ENABLE_MODULES = YES;
				CLANG_ENABLE_OBJC_ARC = YES;
				CLANG_WARN_BOOL_CONVERSION = YES;
				CLANG_WARN_CONSTANT_CONVERSION = YES;
				CLANG_WARN_DIRECT_OBJC_ISA_USAGE = YES_ERROR;
				CLANG_WARN_DOCUMENTATION_COMMENTS = YES;
				CLANG_WARN_EMPTY_BODY = YES;
				CLANG_WARN_ENUM_CONVERSION = YES;
				CLANG_WARN_INFINITE_RECURSION = YES;
				CLANG_WARN_INT_CONVERSION = YES;
				CLANG_WARN_OBJC_ROOT_CLASS = YES_ERROR;
				CLANG_WARN_SUSPICIOUS_MOVE = YES;
				CLANG_WARN_UNREACHABLE_CODE = YES;
				CLANG_WARN__DUPLICATE_METHOD_MATCH = YES;
				"CODE_SIGN_IDENTITY[sdk=iphoneos*]" = "iPhone Developer";
				COPY_PHASE_STRIP = NO;
				DEBUG_INFORMATION_FORMAT = dwarf;
				ENABLE_STRICT_OBJC_MSGSEND = YES;
				ENABLE_TESTABILITY = YES;
				GCC_C_LANGUAGE_STANDARD = gnu99;
				GCC_DYNAMIC_NO_PIC = NO;
				GCC_NO_COMMON_BLOCKS = YES;
				GCC_OPTIMIZATION_LEVEL = 0;
				GCC_PREPROCESSOR_DEFINITIONS = (
					"DEBUG=1",
					"$(inherited)",
				);
				GCC_WARN_64_TO_32_BIT_CONVERSION = YES;
				GCC_WARN_ABOUT_RETURN_TYPE = YES_ERROR;
				GCC_WARN_UNDECLARED_SELECTOR = YES;
				GCC_WARN_UNINITIALIZED_AUTOS = YES_AGGRESSIVE;
				GCC_WARN_UNUSED_FUNCTION = YES;
				GCC_WARN_UNUSED_VARIABLE = YES;
				IPHONEOS_DEPLOYMENT_TARGET = 10.2;
				MTL_ENABLE_DEBUG_INFO = YES;
				ONLY_ACTIVE_ARCH = YES;
				SDKROOT = iphoneos;
				SWIFT_ACTIVE_COMPILATION_CONDITIONS = DEBUG;
				SWIFT_OPTIMIZATION_LEVEL = "-Onone";
				TARGETED_DEVICE_FAMILY = "1,2";
			};
			name = Debug;
		};
		A36950601F4195CD009CEDDF /* Release */ = {
			isa = XCBuildConfiguration;
			buildSettings = {
				ALWAYS_SEARCH_USER_PATHS = NO;
				CLANG_ANALYZER_NONNULL = YES;
				CLANG_CXX_LANGUAGE_STANDARD = "gnu++0x";
				CLANG_CXX_LIBRARY = "libc++";
				CLANG_ENABLE_MODULES = YES;
				CLANG_ENABLE_OBJC_ARC = YES;
				CLANG_WARN_BOOL_CONVERSION = YES;
				CLANG_WARN_CONSTANT_CONVERSION = YES;
				CLANG_WARN_DIRECT_OBJC_ISA_USAGE = YES_ERROR;
				CLANG_WARN_DOCUMENTATION_COMMENTS = YES;
				CLANG_WARN_EMPTY_BODY = YES;
				CLANG_WARN_ENUM_CONVERSION = YES;
				CLANG_WARN_INFINITE_RECURSION = YES;
				CLANG_WARN_INT_CONVERSION = YES;
				CLANG_WARN_OBJC_ROOT_CLASS = YES_ERROR;
				CLANG_WARN_SUSPICIOUS_MOVE = YES;
				CLANG_WARN_UNREACHABLE_CODE = YES;
				CLANG_WARN__DUPLICATE_METHOD_MATCH = YES;
				"CODE_SIGN_IDENTITY[sdk=iphoneos*]" = "iPhone Developer";
				COPY_PHASE_STRIP = NO;
				DEBUG_INFORMATION_FORMAT = "dwarf-with-dsym";
				ENABLE_NS_ASSERTIONS = NO;
				ENABLE_STRICT_OBJC_MSGSEND = YES;
				GCC_C_LANGUAGE_STANDARD = gnu99;
				GCC_NO_COMMON_BLOCKS = YES;
				GCC_WARN_64_TO_32_BIT_CONVERSION = YES;
				GCC_WARN_ABOUT_RETURN_TYPE = YES_ERROR;
				GCC_WARN_UNDECLARED_SELECTOR = YES;
				GCC_WARN_UNINITIALIZED_AUTOS = YES_AGGRESSIVE;
				GCC_WARN_UNUSED_FUNCTION = YES;
				GCC_WARN_UNUSED_VARIABLE = YES;
				IPHONEOS_DEPLOYMENT_TARGET = 10.2;
				MTL_ENABLE_DEBUG_INFO = NO;
				SDKROOT = iphoneos;
				SWIFT_OPTIMIZATION_LEVEL = "-Owholemodule";
				TARGETED_DEVICE_FAMILY = "1,2";
				VALIDATE_PRODUCT = YES;
			};
			name = Release;
		};
		A36950621F4195CD009CEDDF /* Debug */ = {
			isa = XCBuildConfiguration;
			buildSettings = {
				ASSETCATALOG_COMPILER_APPICON_NAME = AppIcon;
				INFOPLIST_FILE = "GPUImage的使用/Info.plist";
				LD_RUNPATH_SEARCH_PATHS = "$(inherited) @executable_path/Frameworks";
				PRODUCT_BUNDLE_IDENTIFIER = "MrHuang.GPUImage---";
				PRODUCT_NAME = "$(TARGET_NAME)";
				SWIFT_VERSION = 3.0;
			};
			name = Debug;
		};
		A36950631F4195CD009CEDDF /* Release */ = {
			isa = XCBuildConfiguration;
			buildSettings = {
				ASSETCATALOG_COMPILER_APPICON_NAME = AppIcon;
				INFOPLIST_FILE = "GPUImage的使用/Info.plist";
				LD_RUNPATH_SEARCH_PATHS = "$(inherited) @executable_path/Frameworks";
				PRODUCT_BUNDLE_IDENTIFIER = "MrHuang.GPUImage---";
				PRODUCT_NAME = "$(TARGET_NAME)";
				SWIFT_VERSION = 3.0;
			};
			name = Release;
		};
/* End XCBuildConfiguration section */

/* Begin XCConfigurationList section */
		A369504A1F4195CD009CEDDF /* Build configuration list for PBXProject "GPUImage的使用" */ = {
			isa = XCConfigurationList;
			buildConfigurations = (
				A369505F1F4195CD009CEDDF /* Debug */,
				A36950601F4195CD009CEDDF /* Release */,
			);
			defaultConfigurationIsVisible = 0;
			defaultConfigurationName = Release;
		};
		A36950611F4195CD009CEDDF /* Build configuration list for PBXNativeTarget "GPUImage的使用" */ = {
			isa = XCConfigurationList;
			buildConfigurations = (
				A36950621F4195CD009CEDDF /* Debug */,
				A36950631F4195CD009CEDDF /* Release */,
			);
			defaultConfigurationIsVisible = 0;
		};
/* End XCConfigurationList section */
	};
	rootObject = A36950471F4195CD009CEDDF /* Project object */;
}
